
Microsoft Visual Studio Solution File, Format Version 12.00
# Visual Studio 15
VisualStudioVersion = 15.0.28307.572
MinimumVisualStudioVersion = 10.0.40219.1
Project("{FAE04EC0-301F-11D3-BF4B-00C04F79EFBC}") = "MathProject", "MathProject\MathProject.csproj", "{55B48E52-4931-4D07-BE7A-AD5AA5A49243}"
EndProject
Global
	GlobalSection(SolutionConfigurationPlatforms) = preSolution
		Debug|Any CPU = Debug|Any CPU
		Release|Any CPU = Release|Any CPU
	EndGlobalSection
	GlobalSection(ProjectConfigurationPlatforms) = postSolution
		{55B48E52-4931-4D07-BE7A-AD5AA5A49243}.Debug|Any CPU.ActiveCfg = Debug|Any CPU
		{55B48E52-4931-4D07-BE7A-AD5AA5A49243}.Debug|Any CPU.Build.0 = Debug|Any CPU
		{55B48E52-4931-4D07-BE7A-AD5AA5A49243}.Release|Any CPU.ActiveCfg = Release|Any CPU
		{55B48E52-4931-4D07-BE7A-AD5AA5A49243}.Release|Any CPU.Build.0 = Release|Any CPU
	EndGlobalSection
	GlobalSection(SolutionProperties) = preSolution
		HideSolutionNode = FALSE
	EndGlobalSection
	GlobalSection(ExtensibilityGlobals) = postSolution
		SolutionGuid = {D5C7DE70-9D42-4313-AB4A-3C575A4CD1E2}
	EndGlobalSection
EndGlobal
